// !$*UTF8*$!
{
	archiveVersion = 1;
	classes = {
	};
	objectVersion = 46;
	objects = {

/* Begin PBXBuildFile section */
		F17A877E14ED1A270053CC40 /* UIKit.framework in Frameworks */ = {isa = PBXBuildFile; fileRef = F17A877D14ED1A270053CC40 /* UIKit.framework */; };
		F17A878014ED1A270053CC40 /* Foundation.framework in Frameworks */ = {isa = PBXBuildFile; fileRef = F17A877F14ED1A270053CC40 /* Foundation.framework */; };
		F17A878214ED1A270053CC40 /* CoreGraphics.framework in Frameworks */ = {isa = PBXBuildFile; fileRef = F17A878114ED1A270053CC40 /* CoreGraphics.framework */; };
		F17A878414ED1A270053CC40 /* CoreData.framework in Frameworks */ = {isa = PBXBuildFile; fileRef = F17A878314ED1A270053CC40 /* CoreData.framework */; };
		F17A878A14ED1A270053CC40 /* InfoPlist.strings in Resources */ = {isa = PBXBuildFile; fileRef = F17A878814ED1A270053CC40 /* InfoPlist.strings */; };
		F17A878C14ED1A270053CC40 /* main.m in Sources */ = {isa = PBXBuildFile; fileRef = F17A878B14ED1A270053CC40 /* main.m */; };
		F17A879014ED1A270053CC40 /* RMAppDelegate.m in Sources */ = {isa = PBXBuildFile; fileRef = F17A878F14ED1A270053CC40 /* RMAppDelegate.m */; };
		F17A879314ED1A270053CC40 /* MainStoryboard.storyboard in Resources */ = {isa = PBXBuildFile; fileRef = F17A879114ED1A270053CC40 /* MainStoryboard.storyboard */; };
		F17A879614ED1A270053CC40 /* CloudSync.xcdatamodeld in Sources */ = {isa = PBXBuildFile; fileRef = F17A879414ED1A270053CC40 /* CloudSync.xcdatamodeld */; };
		F17A879914ED1A270053CC40 /* RMMasterViewController.m in Sources */ = {isa = PBXBuildFile; fileRef = F17A879814ED1A270053CC40 /* RMMasterViewController.m */; };
		F17A879C14ED1A270053CC40 /* RMDetailViewController.m in Sources */ = {isa = PBXBuildFile; fileRef = F17A879B14ED1A270053CC40 /* RMDetailViewController.m */; };
		F17A87A414ED1A270053CC40 /* SenTestingKit.framework in Frameworks */ = {isa = PBXBuildFile; fileRef = F17A87A314ED1A270053CC40 /* SenTestingKit.framework */; };
		F17A87A514ED1A270053CC40 /* UIKit.framework in Frameworks */ = {isa = PBXBuildFile; fileRef = F17A877D14ED1A270053CC40 /* UIKit.framework */; };
		F17A87A614ED1A270053CC40 /* Foundation.framework in Frameworks */ = {isa = PBXBuildFile; fileRef = F17A877F14ED1A270053CC40 /* Foundation.framework */; };
		F17A87A714ED1A270053CC40 /* CoreData.framework in Frameworks */ = {isa = PBXBuildFile; fileRef = F17A878314ED1A270053CC40 /* CoreData.framework */; };
		F17A87AF14ED1A280053CC40 /* InfoPlist.strings in Resources */ = {isa = PBXBuildFile; fileRef = F17A87AD14ED1A280053CC40 /* InfoPlist.strings */; };
		F17A87B214ED1A280053CC40 /* CloudSyncTests.m in Sources */ = {isa = PBXBuildFile; fileRef = F17A87B114ED1A280053CC40 /* CloudSyncTests.m */; };
		F19B39F914ED3ADC00CBA9F8 /* ASIAuthenticationDialog.m in Sources */ = {isa = PBXBuildFile; fileRef = F19B39E614ED3ADC00CBA9F8 /* ASIAuthenticationDialog.m */; settings = {COMPILER_FLAGS = "-fno-objc-arc"; }; };
		F19B39FA14ED3ADC00CBA9F8 /* ASIDataCompressor.m in Sources */ = {isa = PBXBuildFile; fileRef = F19B39E914ED3ADC00CBA9F8 /* ASIDataCompressor.m */; settings = {COMPILER_FLAGS = "-fno-objc-arc"; }; };
		F19B39FB14ED3ADC00CBA9F8 /* ASIDataDecompressor.m in Sources */ = {isa = PBXBuildFile; fileRef = F19B39EB14ED3ADC00CBA9F8 /* ASIDataDecompressor.m */; settings = {COMPILER_FLAGS = "-fno-objc-arc"; }; };
		F19B39FC14ED3ADC00CBA9F8 /* ASIDownloadCache.m in Sources */ = {isa = PBXBuildFile; fileRef = F19B39ED14ED3ADC00CBA9F8 /* ASIDownloadCache.m */; settings = {COMPILER_FLAGS = "-fno-objc-arc"; }; };
		F19B39FD14ED3ADC00CBA9F8 /* ASIFormDataRequest.m in Sources */ = {isa = PBXBuildFile; fileRef = F19B39EF14ED3ADC00CBA9F8 /* ASIFormDataRequest.m */; settings = {COMPILER_FLAGS = "-fno-objc-arc"; }; };
		F19B39FE14ED3ADC00CBA9F8 /* ASIHTTPRequest.m in Sources */ = {isa = PBXBuildFile; fileRef = F19B39F114ED3ADC00CBA9F8 /* ASIHTTPRequest.m */; settings = {COMPILER_FLAGS = "-fno-objc-arc"; }; };
		F19B39FF14ED3ADC00CBA9F8 /* ASIInputStream.m in Sources */ = {isa = PBXBuildFile; fileRef = F19B39F514ED3ADC00CBA9F8 /* ASIInputStream.m */; settings = {COMPILER_FLAGS = "-fno-objc-arc"; }; };
		F19B3A0014ED3ADC00CBA9F8 /* ASINetworkQueue.m in Sources */ = {isa = PBXBuildFile; fileRef = F19B39F714ED3ADC00CBA9F8 /* ASINetworkQueue.m */; settings = {COMPILER_FLAGS = "-fno-objc-arc"; }; };
		F19B3A0B14ED3C1F00CBA9F8 /* Reachability.m in Sources */ = {isa = PBXBuildFile; fileRef = F19B3A0814ED3C1F00CBA9F8 /* Reachability.m */; settings = {COMPILER_FLAGS = "-fno-objc-arc"; }; };
		F19B3A0C14ED3C1F00CBA9F8 /* ReachabilityAppDelegate.m in Sources */ = {isa = PBXBuildFile; fileRef = F19B3A0A14ED3C1F00CBA9F8 /* ReachabilityAppDelegate.m */; settings = {COMPILER_FLAGS = "-fno-objc-arc"; }; };
		F19B3A0E14ED3C7D00CBA9F8 /* libz.1.2.5.dylib in Frameworks */ = {isa = PBXBuildFile; fileRef = F19B3A0D14ED3C7D00CBA9F8 /* libz.1.2.5.dylib */; };
		F19B3A1214ED3CAC00CBA9F8 /* CFNetwork.framework in Frameworks */ = {isa = PBXBuildFile; fileRef = F19B3A1114ED3CAC00CBA9F8 /* CFNetwork.framework */; };
		F19B3A1514ED3D1900CBA9F8 /* SystemConfiguration.framework in Frameworks */ = {isa = PBXBuildFile; fileRef = F19B3A0F14ED3C9A00CBA9F8 /* SystemConfiguration.framework */; };
		F19B3A1714ED3D5B00CBA9F8 /* MobileCoreServices.framework in Frameworks */ = {isa = PBXBuildFile; fileRef = F19B3A1614ED3D5B00CBA9F8 /* MobileCoreServices.framework */; };
		F19E58C514F1144600CF84C5 /* NSObject+SBJson.m in Sources */ = {isa = PBXBuildFile; fileRef = F19E58AD14F1144600CF84C5 /* NSObject+SBJson.m */; settings = {COMPILER_FLAGS = "-fno-objc-arc"; }; };
		F19E58C614F1144600CF84C5 /* SBJsonParser.m in Sources */ = {isa = PBXBuildFile; fileRef = F19E58B014F1144600CF84C5 /* SBJsonParser.m */; settings = {COMPILER_FLAGS = "-fno-objc-arc"; }; };
		F19E58C714F1144600CF84C5 /* SBJsonStreamParser.m in Sources */ = {isa = PBXBuildFile; fileRef = F19E58B214F1144600CF84C5 /* SBJsonStreamParser.m */; settings = {COMPILER_FLAGS = "-fno-objc-arc"; }; };
		F19E58C814F1144600CF84C5 /* SBJsonStreamParserAccumulator.m in Sources */ = {isa = PBXBuildFile; fileRef = F19E58B414F1144600CF84C5 /* SBJsonStreamParserAccumulator.m */; settings = {COMPILER_FLAGS = "-fno-objc-arc"; }; };
		F19E58C914F1144600CF84C5 /* SBJsonStreamParserAdapter.m in Sources */ = {isa = PBXBuildFile; fileRef = F19E58B614F1144600CF84C5 /* SBJsonStreamParserAdapter.m */; settings = {COMPILER_FLAGS = "-fno-objc-arc"; }; };
		F19E58CA14F1144600CF84C5 /* SBJsonStreamParserState.m in Sources */ = {isa = PBXBuildFile; fileRef = F19E58B814F1144600CF84C5 /* SBJsonStreamParserState.m */; settings = {COMPILER_FLAGS = "-fno-objc-arc"; }; };
		F19E58CB14F1144600CF84C5 /* SBJsonStreamWriter.m in Sources */ = {isa = PBXBuildFile; fileRef = F19E58BA14F1144600CF84C5 /* SBJsonStreamWriter.m */; settings = {COMPILER_FLAGS = "-fno-objc-arc"; }; };
		F19E58CC14F1144600CF84C5 /* SBJsonStreamWriterAccumulator.m in Sources */ = {isa = PBXBuildFile; fileRef = F19E58BC14F1144600CF84C5 /* SBJsonStreamWriterAccumulator.m */; settings = {COMPILER_FLAGS = "-fno-objc-arc"; }; };
		F19E58CD14F1144600CF84C5 /* SBJsonStreamWriterState.m in Sources */ = {isa = PBXBuildFile; fileRef = F19E58BE14F1144600CF84C5 /* SBJsonStreamWriterState.m */; settings = {COMPILER_FLAGS = "-fno-objc-arc"; }; };
		F19E58CE14F1144600CF84C5 /* SBJsonTokeniser.m in Sources */ = {isa = PBXBuildFile; fileRef = F19E58C014F1144600CF84C5 /* SBJsonTokeniser.m */; settings = {COMPILER_FLAGS = "-fno-objc-arc"; }; };
		F19E58CF14F1144600CF84C5 /* SBJsonUTF8Stream.m in Sources */ = {isa = PBXBuildFile; fileRef = F19E58C214F1144600CF84C5 /* SBJsonUTF8Stream.m */; settings = {COMPILER_FLAGS = "-fno-objc-arc"; }; };
		F19E58D014F1144600CF84C5 /* SBJsonWriter.m in Sources */ = {isa = PBXBuildFile; fileRef = F19E58C414F1144600CF84C5 /* SBJsonWriter.m */; settings = {COMPILER_FLAGS = "-fno-objc-arc"; }; };
/* End PBXBuildFile section */

/* Begin PBXContainerItemProxy section */
		F17A87A814ED1A270053CC40 /* PBXContainerItemProxy */ = {
			isa = PBXContainerItemProxy;
			containerPortal = F17A877014ED1A270053CC40 /* Project object */;
			proxyType = 1;
			remoteGlobalIDString = F17A877814ED1A270053CC40;
			remoteInfo = CloudSync;
		};
/* End PBXContainerItemProxy section */

/* Begin PBXFileReference section */
		F17A877914ED1A270053CC40 /* CloudSync.app */ = {isa = PBXFileReference; explicitFileType = wrapper.application; includeInIndex = 0; path = CloudSync.app; sourceTree = BUILT_PRODUCTS_DIR; };
		F17A877D14ED1A270053CC40 /* UIKit.framework */ = {isa = PBXFileReference; lastKnownFileType = wrapper.framework; name = UIKit.framework; path = System/Library/Frameworks/UIKit.framework; sourceTree = SDKROOT; };
		F17A877F14ED1A270053CC40 /* Foundation.framework */ = {isa = PBXFileReference; lastKnownFileType = wrapper.framework; name = Foundation.framework; path = System/Library/Frameworks/Foundation.framework; sourceTree = SDKROOT; };
		F17A878114ED1A270053CC40 /* CoreGraphics.framework */ = {isa = PBXFileReference; lastKnownFileType = wrapper.framework; name = CoreGraphics.framework; path = System/Library/Frameworks/CoreGraphics.framework; sourceTree = SDKROOT; };
		F17A878314ED1A270053CC40 /* CoreData.framework */ = {isa = PBXFileReference; lastKnownFileType = wrapper.framework; name = CoreData.framework; path = System/Library/Frameworks/CoreData.framework; sourceTree = SDKROOT; };
		F17A878714ED1A270053CC40 /* CloudSync-Info.plist */ = {isa = PBXFileReference; lastKnownFileType = text.plist.xml; path = "CloudSync-Info.plist"; sourceTree = "<group>"; };
		F17A878914ED1A270053CC40 /* en */ = {isa = PBXFileReference; lastKnownFileType = text.plist.strings; name = en; path = en.lproj/InfoPlist.strings; sourceTree = "<group>"; };
		F17A878B14ED1A270053CC40 /* main.m */ = {isa = PBXFileReference; lastKnownFileType = sourcecode.c.objc; path = main.m; sourceTree = "<group>"; };
		F17A878D14ED1A270053CC40 /* CloudSync-Prefix.pch */ = {isa = PBXFileReference; lastKnownFileType = sourcecode.c.h; path = "CloudSync-Prefix.pch"; sourceTree = "<group>"; };
		F17A878E14ED1A270053CC40 /* RMAppDelegate.h */ = {isa = PBXFileReference; lastKnownFileType = sourcecode.c.h; path = RMAppDelegate.h; sourceTree = "<group>"; };
		F17A878F14ED1A270053CC40 /* RMAppDelegate.m */ = {isa = PBXFileReference; lastKnownFileType = sourcecode.c.objc; path = RMAppDelegate.m; sourceTree = "<group>"; };
		F17A879214ED1A270053CC40 /* en */ = {isa = PBXFileReference; lastKnownFileType = file.storyboard; name = en; path = en.lproj/MainStoryboard.storyboard; sourceTree = "<group>"; };
		F17A879514ED1A270053CC40 /* CloudSync.xcdatamodel */ = {isa = PBXFileReference; lastKnownFileType = wrapper.xcdatamodel; path = CloudSync.xcdatamodel; sourceTree = "<group>"; };
		F17A879714ED1A270053CC40 /* RMMasterViewController.h */ = {isa = PBXFileReference; lastKnownFileType = sourcecode.c.h; path = RMMasterViewController.h; sourceTree = "<group>"; };
		F17A879814ED1A270053CC40 /* RMMasterViewController.m */ = {isa = PBXFileReference; lastKnownFileType = sourcecode.c.objc; path = RMMasterViewController.m; sourceTree = "<group>"; };
		F17A879A14ED1A270053CC40 /* RMDetailViewController.h */ = {isa = PBXFileReference; lastKnownFileType = sourcecode.c.h; path = RMDetailViewController.h; sourceTree = "<group>"; };
		F17A879B14ED1A270053CC40 /* RMDetailViewController.m */ = {isa = PBXFileReference; lastKnownFileType = sourcecode.c.objc; path = RMDetailViewController.m; sourceTree = "<group>"; };
		F17A87A214ED1A270053CC40 /* CloudSyncTests.octest */ = {isa = PBXFileReference; explicitFileType = wrapper.cfbundle; includeInIndex = 0; path = CloudSyncTests.octest; sourceTree = BUILT_PRODUCTS_DIR; };
		F17A87A314ED1A270053CC40 /* SenTestingKit.framework */ = {isa = PBXFileReference; lastKnownFileType = wrapper.framework; name = SenTestingKit.framework; path = Library/Frameworks/SenTestingKit.framework; sourceTree = DEVELOPER_DIR; };
		F17A87AC14ED1A270053CC40 /* CloudSyncTests-Info.plist */ = {isa = PBXFileReference; lastKnownFileType = text.plist.xml; path = "CloudSyncTests-Info.plist"; sourceTree = "<group>"; };
		F17A87AE14ED1A280053CC40 /* en */ = {isa = PBXFileReference; lastKnownFileType = text.plist.strings; name = en; path = en.lproj/InfoPlist.strings; sourceTree = "<group>"; };
		F17A87B014ED1A280053CC40 /* CloudSyncTests.h */ = {isa = PBXFileReference; lastKnownFileType = sourcecode.c.h; path = CloudSyncTests.h; sourceTree = "<group>"; };
		F17A87B114ED1A280053CC40 /* CloudSyncTests.m */ = {isa = PBXFileReference; lastKnownFileType = sourcecode.c.objc; path = CloudSyncTests.m; sourceTree = "<group>"; };
		F19B39E514ED3ADC00CBA9F8 /* ASIAuthenticationDialog.h */ = {isa = PBXFileReference; fileEncoding = 4; lastKnownFileType = sourcecode.c.h; name = ASIAuthenticationDialog.h; path = Library/ASIHTTPRequest/ASIAuthenticationDialog.h; sourceTree = "<group>"; };
		F19B39E614ED3ADC00CBA9F8 /* ASIAuthenticationDialog.m */ = {isa = PBXFileReference; fileEncoding = 4; lastKnownFileType = sourcecode.c.objc; name = ASIAuthenticationDialog.m; path = Library/ASIHTTPRequest/ASIAuthenticationDialog.m; sourceTree = "<group>"; };
		F19B39E714ED3ADC00CBA9F8 /* ASICacheDelegate.h */ = {isa = PBXFileReference; fileEncoding = 4; lastKnownFileType = sourcecode.c.h; name = ASICacheDelegate.h; path = Library/ASIHTTPRequest/ASICacheDelegate.h; sourceTree = "<group>"; };
		F19B39E814ED3ADC00CBA9F8 /* ASIDataCompressor.h */ = {isa = PBXFileReference; fileEncoding = 4; lastKnownFileType = sourcecode.c.h; name = ASIDataCompressor.h; path = Library/ASIHTTPRequest/ASIDataCompressor.h; sourceTree = "<group>"; };
		F19B39E914ED3ADC00CBA9F8 /* ASIDataCompressor.m */ = {isa = PBXFileReference; fileEncoding = 4; lastKnownFileType = sourcecode.c.objc; name = ASIDataCompressor.m; path = Library/ASIHTTPRequest/ASIDataCompressor.m; sourceTree = "<group>"; };
		F19B39EA14ED3ADC00CBA9F8 /* ASIDataDecompressor.h */ = {isa = PBXFileReference; fileEncoding = 4; lastKnownFileType = sourcecode.c.h; name = ASIDataDecompressor.h; path = Library/ASIHTTPRequest/ASIDataDecompressor.h; sourceTree = "<group>"; };
		F19B39EB14ED3ADC00CBA9F8 /* ASIDataDecompressor.m */ = {isa = PBXFileReference; fileEncoding = 4; lastKnownFileType = sourcecode.c.objc; name = ASIDataDecompressor.m; path = Library/ASIHTTPRequest/ASIDataDecompressor.m; sourceTree = "<group>"; };
		F19B39EC14ED3ADC00CBA9F8 /* ASIDownloadCache.h */ = {isa = PBXFileReference; fileEncoding = 4; lastKnownFileType = sourcecode.c.h; name = ASIDownloadCache.h; path = Library/ASIHTTPRequest/ASIDownloadCache.h; sourceTree = "<group>"; };
		F19B39ED14ED3ADC00CBA9F8 /* ASIDownloadCache.m */ = {isa = PBXFileReference; fileEncoding = 4; lastKnownFileType = sourcecode.c.objc; name = ASIDownloadCache.m; path = Library/ASIHTTPRequest/ASIDownloadCache.m; sourceTree = "<group>"; };
		F19B39EE14ED3ADC00CBA9F8 /* ASIFormDataRequest.h */ = {isa = PBXFileReference; fileEncoding = 4; lastKnownFileType = sourcecode.c.h; name = ASIFormDataRequest.h; path = Library/ASIHTTPRequest/ASIFormDataRequest.h; sourceTree = "<group>"; };
		F19B39EF14ED3ADC00CBA9F8 /* ASIFormDataRequest.m */ = {isa = PBXFileReference; fileEncoding = 4; lastKnownFileType = sourcecode.c.objc; name = ASIFormDataRequest.m; path = Library/ASIHTTPRequest/ASIFormDataRequest.m; sourceTree = "<group>"; };
		F19B39F014ED3ADC00CBA9F8 /* ASIHTTPRequest.h */ = {isa = PBXFileReference; fileEncoding = 4; lastKnownFileType = sourcecode.c.h; name = ASIHTTPRequest.h; path = Library/ASIHTTPRequest/ASIHTTPRequest.h; sourceTree = "<group>"; };
		F19B39F114ED3ADC00CBA9F8 /* ASIHTTPRequest.m */ = {isa = PBXFileReference; fileEncoding = 4; lastKnownFileType = sourcecode.c.objc; name = ASIHTTPRequest.m; path = Library/ASIHTTPRequest/ASIHTTPRequest.m; sourceTree = "<group>"; };
		F19B39F214ED3ADC00CBA9F8 /* ASIHTTPRequestConfig.h */ = {isa = PBXFileReference; fileEncoding = 4; lastKnownFileType = sourcecode.c.h; name = ASIHTTPRequestConfig.h; path = Library/ASIHTTPRequest/ASIHTTPRequestConfig.h; sourceTree = "<group>"; };
		F19B39F314ED3ADC00CBA9F8 /* ASIHTTPRequestDelegate.h */ = {isa = PBXFileReference; fileEncoding = 4; lastKnownFileType = sourcecode.c.h; name = ASIHTTPRequestDelegate.h; path = Library/ASIHTTPRequest/ASIHTTPRequestDelegate.h; sourceTree = "<group>"; };
		F19B39F414ED3ADC00CBA9F8 /* ASIInputStream.h */ = {isa = PBXFileReference; fileEncoding = 4; lastKnownFileType = sourcecode.c.h; name = ASIInputStream.h; path = Library/ASIHTTPRequest/ASIInputStream.h; sourceTree = "<group>"; };
		F19B39F514ED3ADC00CBA9F8 /* ASIInputStream.m */ = {isa = PBXFileReference; fileEncoding = 4; lastKnownFileType = sourcecode.c.objc; name = ASIInputStream.m; path = Library/ASIHTTPRequest/ASIInputStream.m; sourceTree = "<group>"; };
		F19B39F614ED3ADC00CBA9F8 /* ASINetworkQueue.h */ = {isa = PBXFileReference; fileEncoding = 4; lastKnownFileType = sourcecode.c.h; name = ASINetworkQueue.h; path = Library/ASIHTTPRequest/ASINetworkQueue.h; sourceTree = "<group>"; };
		F19B39F714ED3ADC00CBA9F8 /* ASINetworkQueue.m */ = {isa = PBXFileReference; fileEncoding = 4; lastKnownFileType = sourcecode.c.objc; name = ASINetworkQueue.m; path = Library/ASIHTTPRequest/ASINetworkQueue.m; sourceTree = "<group>"; };
		F19B39F814ED3ADC00CBA9F8 /* ASIProgressDelegate.h */ = {isa = PBXFileReference; fileEncoding = 4; lastKnownFileType = sourcecode.c.h; name = ASIProgressDelegate.h; path = Library/ASIHTTPRequest/ASIProgressDelegate.h; sourceTree = "<group>"; };
		F19B3A0714ED3C1F00CBA9F8 /* Reachability.h */ = {isa = PBXFileReference; fileEncoding = 4; lastKnownFileType = sourcecode.c.h; name = Reachability.h; path = Library/Reachability/Reachability.h; sourceTree = "<group>"; };
		F19B3A0814ED3C1F00CBA9F8 /* Reachability.m */ = {isa = PBXFileReference; fileEncoding = 4; lastKnownFileType = sourcecode.c.objc; name = Reachability.m; path = Library/Reachability/Reachability.m; sourceTree = "<group>"; };
		F19B3A0914ED3C1F00CBA9F8 /* ReachabilityAppDelegate.h */ = {isa = PBXFileReference; fileEncoding = 4; lastKnownFileType = sourcecode.c.h; name = ReachabilityAppDelegate.h; path = Library/Reachability/ReachabilityAppDelegate.h; sourceTree = "<group>"; };
		F19B3A0A14ED3C1F00CBA9F8 /* ReachabilityAppDelegate.m */ = {isa = PBXFileReference; fileEncoding = 4; lastKnownFileType = sourcecode.c.objc; name = ReachabilityAppDelegate.m; path = Library/Reachability/ReachabilityAppDelegate.m; sourceTree = "<group>"; };
		F19B3A0D14ED3C7D00CBA9F8 /* libz.1.2.5.dylib */ = {isa = PBXFileReference; lastKnownFileType = "compiled.mach-o.dylib"; name = libz.1.2.5.dylib; path = usr/lib/libz.1.2.5.dylib; sourceTree = SDKROOT; };
		F19B3A0F14ED3C9A00CBA9F8 /* SystemConfiguration.framework */ = {isa = PBXFileReference; lastKnownFileType = wrapper.framework; name = SystemConfiguration.framework; path = System/Library/Frameworks/SystemConfiguration.framework; sourceTree = SDKROOT; };
		F19B3A1114ED3CAC00CBA9F8 /* CFNetwork.framework */ = {isa = PBXFileReference; lastKnownFileType = wrapper.framework; name = CFNetwork.framework; path = System/Library/Frameworks/CFNetwork.framework; sourceTree = SDKROOT; };
		F19B3A1314ED3CC100CBA9F8 /* QuartzCore.framework */ = {isa = PBXFileReference; lastKnownFileType = wrapper.framework; name = QuartzCore.framework; path = System/Library/Frameworks/QuartzCore.framework; sourceTree = SDKROOT; };
		F19B3A1614ED3D5B00CBA9F8 /* MobileCoreServices.framework */ = {isa = PBXFileReference; lastKnownFileType = wrapper.framework; name = MobileCoreServices.framework; path = System/Library/Frameworks/MobileCoreServices.framework; sourceTree = SDKROOT; };
		F19E58AB14F1144600CF84C5 /* JSON.h */ = {isa = PBXFileReference; fileEncoding = 4; lastKnownFileType = sourcecode.c.h; name = JSON.h; path = Library/sbjson/JSON.h; sourceTree = "<group>"; };
		F19E58AC14F1144600CF84C5 /* NSObject+SBJson.h */ = {isa = PBXFileReference; fileEncoding = 4; lastKnownFileType = sourcecode.c.h; name = "NSObject+SBJson.h"; path = "Library/sbjson/NSObject+SBJson.h"; sourceTree = "<group>"; };
		F19E58AD14F1144600CF84C5 /* NSObject+SBJson.m */ = {isa = PBXFileReference; fileEncoding = 4; lastKnownFileType = sourcecode.c.objc; name = "NSObject+SBJson.m"; path = "Library/sbjson/NSObject+SBJson.m"; sourceTree = "<group>"; };
		F19E58AE14F1144600CF84C5 /* SBJson.h */ = {isa = PBXFileReference; fileEncoding = 4; lastKnownFileType = sourcecode.c.h; name = SBJson.h; path = Library/sbjson/SBJson.h; sourceTree = "<group>"; };
		F19E58AF14F1144600CF84C5 /* SBJsonParser.h */ = {isa = PBXFileReference; fileEncoding = 4; lastKnownFileType = sourcecode.c.h; name = SBJsonParser.h; path = Library/sbjson/SBJsonParser.h; sourceTree = "<group>"; };
		F19E58B014F1144600CF84C5 /* SBJsonParser.m */ = {isa = PBXFileReference; fileEncoding = 4; lastKnownFileType = sourcecode.c.objc; name = SBJsonParser.m; path = Library/sbjson/SBJsonParser.m; sourceTree = "<group>"; };
		F19E58B114F1144600CF84C5 /* SBJsonStreamParser.h */ = {isa = PBXFileReference; fileEncoding = 4; lastKnownFileType = sourcecode.c.h; name = SBJsonStreamParser.h; path = Library/sbjson/SBJsonStreamParser.h; sourceTree = "<group>"; };
		F19E58B214F1144600CF84C5 /* SBJsonStreamParser.m */ = {isa = PBXFileReference; fileEncoding = 4; lastKnownFileType = sourcecode.c.objc; name = SBJsonStreamParser.m; path = Library/sbjson/SBJsonStreamParser.m; sourceTree = "<group>"; };
		F19E58B314F1144600CF84C5 /* SBJsonStreamParserAccumulator.h */ = {isa = PBXFileReference; fileEncoding = 4; lastKnownFileType = sourcecode.c.h; name = SBJsonStreamParserAccumulator.h; path = Library/sbjson/SBJsonStreamParserAccumulator.h; sourceTree = "<group>"; };
		F19E58B414F1144600CF84C5 /* SBJsonStreamParserAccumulator.m */ = {isa = PBXFileReference; fileEncoding = 4; lastKnownFileType = sourcecode.c.objc; name = SBJsonStreamParserAccumulator.m; path = Library/sbjson/SBJsonStreamParserAccumulator.m; sourceTree = "<group>"; };
		F19E58B514F1144600CF84C5 /* SBJsonStreamParserAdapter.h */ = {isa = PBXFileReference; fileEncoding = 4; lastKnownFileType = sourcecode.c.h; name = SBJsonStreamParserAdapter.h; path = Library/sbjson/SBJsonStreamParserAdapter.h; sourceTree = "<group>"; };
		F19E58B614F1144600CF84C5 /* SBJsonStreamParserAdapter.m */ = {isa = PBXFileReference; fileEncoding = 4; lastKnownFileType = sourcecode.c.objc; name = SBJsonStreamParserAdapter.m; path = Library/sbjson/SBJsonStreamParserAdapter.m; sourceTree = "<group>"; };
		F19E58B714F1144600CF84C5 /* SBJsonStreamParserState.h */ = {isa = PBXFileReference; fileEncoding = 4; lastKnownFileType = sourcecode.c.h; name = SBJsonStreamParserState.h; path = Library/sbjson/SBJsonStreamParserState.h; sourceTree = "<group>"; };
		F19E58B814F1144600CF84C5 /* SBJsonStreamParserState.m */ = {isa = PBXFileReference; fileEncoding = 4; lastKnownFileType = sourcecode.c.objc; name = SBJsonStreamParserState.m; path = Library/sbjson/SBJsonStreamParserState.m; sourceTree = "<group>"; };
		F19E58B914F1144600CF84C5 /* SBJsonStreamWriter.h */ = {isa = PBXFileReference; fileEncoding = 4; lastKnownFileType = sourcecode.c.h; name = SBJsonStreamWriter.h; path = Library/sbjson/SBJsonStreamWriter.h; sourceTree = "<group>"; };
		F19E58BA14F1144600CF84C5 /* SBJsonStreamWriter.m */ = {isa = PBXFileReference; fileEncoding = 4; lastKnownFileType = sourcecode.c.objc; name = SBJsonStreamWriter.m; path = Library/sbjson/SBJsonStreamWriter.m; sourceTree = "<group>"; };
		F19E58BB14F1144600CF84C5 /* SBJsonStreamWriterAccumulator.h */ = {isa = PBXFileReference; fileEncoding = 4; lastKnownFileType = sourcecode.c.h; name = SBJsonStreamWriterAccumulator.h; path = Library/sbjson/SBJsonStreamWriterAccumulator.h; sourceTree = "<group>"; };
		F19E58BC14F1144600CF84C5 /* SBJsonStreamWriterAccumulator.m */ = {isa = PBXFileReference; fileEncoding = 4; lastKnownFileType = sourcecode.c.objc; name = SBJsonStreamWriterAccumulator.m; path = Library/sbjson/SBJsonStreamWriterAccumulator.m; sourceTree = "<group>"; };
		F19E58BD14F1144600CF84C5 /* SBJsonStreamWriterState.h */ = {isa = PBXFileReference; fileEncoding = 4; lastKnownFileType = sourcecode.c.h; name = SBJsonStreamWriterState.h; path = Library/sbjson/SBJsonStreamWriterState.h; sourceTree = "<group>"; };
		F19E58BE14F1144600CF84C5 /* SBJsonStreamWriterState.m */ = {isa = PBXFileReference; fileEncoding = 4; lastKnownFileType = sourcecode.c.objc; name = SBJsonStreamWriterState.m; path = Library/sbjson/SBJsonStreamWriterState.m; sourceTree = "<group>"; };
		F19E58BF14F1144600CF84C5 /* SBJsonTokeniser.h */ = {isa = PBXFileReference; fileEncoding = 4; lastKnownFileType = sourcecode.c.h; name = SBJsonTokeniser.h; path = Library/sbjson/SBJsonTokeniser.h; sourceTree = "<group>"; };
		F19E58C014F1144600CF84C5 /* SBJsonTokeniser.m */ = {isa = PBXFileReference; fileEncoding = 4; lastKnownFileType = sourcecode.c.objc; name = SBJsonTokeniser.m; path = Library/sbjson/SBJsonTokeniser.m; sourceTree = "<group>"; };
		F19E58C114F1144600CF84C5 /* SBJsonUTF8Stream.h */ = {isa = PBXFileReference; fileEncoding = 4; lastKnownFileType = sourcecode.c.h; name = SBJsonUTF8Stream.h; path = Library/sbjson/SBJsonUTF8Stream.h; sourceTree = "<group>"; };
		F19E58C214F1144600CF84C5 /* SBJsonUTF8Stream.m */ = {isa = PBXFileReference; fileEncoding = 4; lastKnownFileType = sourcecode.c.objc; name = SBJsonUTF8Stream.m; path = Library/sbjson/SBJsonUTF8Stream.m; sourceTree = "<group>"; };
		F19E58C314F1144600CF84C5 /* SBJsonWriter.h */ = {isa = PBXFileReference; fileEncoding = 4; lastKnownFileType = sourcecode.c.h; name = SBJsonWriter.h; path = Library/sbjson/SBJsonWriter.h; sourceTree = "<group>"; };
		F19E58C414F1144600CF84C5 /* SBJsonWriter.m */ = {isa = PBXFileReference; fileEncoding = 4; lastKnownFileType = sourcecode.c.objc; name = SBJsonWriter.m; path = Library/sbjson/SBJsonWriter.m; sourceTree = "<group>"; };
/* End PBXFileReference section */

/* Begin PBXFrameworksBuildPhase section */
		F17A877614ED1A270053CC40 /* Frameworks */ = {
			isa = PBXFrameworksBuildPhase;
			buildActionMask = 2147483647;
			files = (
				F19B3A1714ED3D5B00CBA9F8 /* MobileCoreServices.framework in Frameworks */,
				F19B3A1514ED3D1900CBA9F8 /* SystemConfiguration.framework in Frameworks */,
				F19B3A1214ED3CAC00CBA9F8 /* CFNetwork.framework in Frameworks */,
				F19B3A0E14ED3C7D00CBA9F8 /* libz.1.2.5.dylib in Frameworks */,
				F17A877E14ED1A270053CC40 /* UIKit.framework in Frameworks */,
				F17A878014ED1A270053CC40 /* Foundation.framework in Frameworks */,
				F17A878214ED1A270053CC40 /* CoreGraphics.framework in Frameworks */,
				F17A878414ED1A270053CC40 /* CoreData.framework in Frameworks */,
			);
			runOnlyForDeploymentPostprocessing = 0;
		};
		F17A879E14ED1A270053CC40 /* Frameworks */ = {
			isa = PBXFrameworksBuildPhase;
			buildActionMask = 2147483647;
			files = (
				F17A87A414ED1A270053CC40 /* SenTestingKit.framework in Frameworks */,
				F17A87A514ED1A270053CC40 /* UIKit.framework in Frameworks */,
				F17A87A614ED1A270053CC40 /* Foundation.framework in Frameworks */,
				F17A87A714ED1A270053CC40 /* CoreData.framework in Frameworks */,
			);
			runOnlyForDeploymentPostprocessing = 0;
		};
/* End PBXFrameworksBuildPhase section */

/* Begin PBXGroup section */
		F17A876E14ED1A270053CC40 = {
			isa = PBXGroup;
			children = (
				F17A878514ED1A270053CC40 /* CloudSync */,
				F17A87AA14ED1A270053CC40 /* CloudSyncTests */,
				F19B39E214ED2BDB00CBA9F8 /* Library */,
				F17A877C14ED1A270053CC40 /* Frameworks */,
				F17A877A14ED1A270053CC40 /* Products */,
			);
			sourceTree = "<group>";
		};
		F17A877A14ED1A270053CC40 /* Products */ = {
			isa = PBXGroup;
			children = (
				F17A877914ED1A270053CC40 /* CloudSync.app */,
				F17A87A214ED1A270053CC40 /* CloudSyncTests.octest */,
			);
			name = Products;
			sourceTree = "<group>";
		};
		F17A877C14ED1A270053CC40 /* Frameworks */ = {
			isa = PBXGroup;
			children = (
				F19B3A0D14ED3C7D00CBA9F8 /* libz.1.2.5.dylib */,
				F19B3A1614ED3D5B00CBA9F8 /* MobileCoreServices.framework */,
				F19B3A1314ED3CC100CBA9F8 /* QuartzCore.framework */,
				F19B3A1114ED3CAC00CBA9F8 /* CFNetwork.framework */,
				F19B3A0F14ED3C9A00CBA9F8 /* SystemConfiguration.framework */,
				F17A877D14ED1A270053CC40 /* UIKit.framework */,
				F17A877F14ED1A270053CC40 /* Foundation.framework */,
				F17A878114ED1A270053CC40 /* CoreGraphics.framework */,
				F17A878314ED1A270053CC40 /* CoreData.framework */,
				F17A87A314ED1A270053CC40 /* SenTestingKit.framework */,
			);
			name = Frameworks;
			sourceTree = "<group>";
		};
		F17A878514ED1A270053CC40 /* CloudSync */ = {
			isa = PBXGroup;
			children = (
				F17A878E14ED1A270053CC40 /* RMAppDelegate.h */,
				F17A878F14ED1A270053CC40 /* RMAppDelegate.m */,
				F17A879114ED1A270053CC40 /* MainStoryboard.storyboard */,
				F17A879714ED1A270053CC40 /* RMMasterViewController.h */,
				F17A879814ED1A270053CC40 /* RMMasterViewController.m */,
				F17A879A14ED1A270053CC40 /* RMDetailViewController.h */,
				F17A879B14ED1A270053CC40 /* RMDetailViewController.m */,
				F17A879414ED1A270053CC40 /* CloudSync.xcdatamodeld */,
				F17A878614ED1A270053CC40 /* Supporting Files */,
			);
			path = CloudSync;
			sourceTree = "<group>";
		};
		F17A878614ED1A270053CC40 /* Supporting Files */ = {
			isa = PBXGroup;
			children = (
				F17A878714ED1A270053CC40 /* CloudSync-Info.plist */,
				F17A878814ED1A270053CC40 /* InfoPlist.strings */,
				F17A878B14ED1A270053CC40 /* main.m */,
				F17A878D14ED1A270053CC40 /* CloudSync-Prefix.pch */,
			);
			name = "Supporting Files";
			sourceTree = "<group>";
		};
		F17A87AA14ED1A270053CC40 /* CloudSyncTests */ = {
			isa = PBXGroup;
			children = (
				F17A87B014ED1A280053CC40 /* CloudSyncTests.h */,
				F17A87B114ED1A280053CC40 /* CloudSyncTests.m */,
				F17A87AB14ED1A270053CC40 /* Supporting Files */,
			);
			path = CloudSyncTests;
			sourceTree = "<group>";
		};
		F17A87AB14ED1A270053CC40 /* Supporting Files */ = {
			isa = PBXGroup;
			children = (
				F17A87AC14ED1A270053CC40 /* CloudSyncTests-Info.plist */,
				F17A87AD14ED1A280053CC40 /* InfoPlist.strings */,
			);
			name = "Supporting Files";
			sourceTree = "<group>";
		};
		F19B39E214ED2BDB00CBA9F8 /* Library */ = {
			isa = PBXGroup;
			children = (
				F19E58A914F1142A00CF84C5 /* SBJson */,
				F19B39E414ED3ABD00CBA9F8 /* ASIHTTPRequest */,
				F19B3A0614ED3BAF00CBA9F8 /* Reachability */,
			);
			name = Library;
			sourceTree = "<group>";
		};
		F19B39E414ED3ABD00CBA9F8 /* ASIHTTPRequest */ = {
			isa = PBXGroup;
			children = (
				F19B39E514ED3ADC00CBA9F8 /* ASIAuthenticationDialog.h */,
				F19B39E614ED3ADC00CBA9F8 /* ASIAuthenticationDialog.m */,
				F19B39E714ED3ADC00CBA9F8 /* ASICacheDelegate.h */,
				F19B39E814ED3ADC00CBA9F8 /* ASIDataCompressor.h */,
				F19B39E914ED3ADC00CBA9F8 /* ASIDataCompressor.m */,
				F19B39EA14ED3ADC00CBA9F8 /* ASIDataDecompressor.h */,
				F19B39EB14ED3ADC00CBA9F8 /* ASIDataDecompressor.m */,
				F19B39EC14ED3ADC00CBA9F8 /* ASIDownloadCache.h */,
				F19B39ED14ED3ADC00CBA9F8 /* ASIDownloadCache.m */,
				F19B39EE14ED3ADC00CBA9F8 /* ASIFormDataRequest.h */,
				F19B39EF14ED3ADC00CBA9F8 /* ASIFormDataRequest.m */,
				F19B39F014ED3ADC00CBA9F8 /* ASIHTTPRequest.h */,
				F19B39F114ED3ADC00CBA9F8 /* ASIHTTPRequest.m */,
				F19B39F214ED3ADC00CBA9F8 /* ASIHTTPRequestConfig.h */,
				F19B39F314ED3ADC00CBA9F8 /* ASIHTTPRequestDelegate.h */,
				F19B39F414ED3ADC00CBA9F8 /* ASIInputStream.h */,
				F19B39F514ED3ADC00CBA9F8 /* ASIInputStream.m */,
				F19B39F614ED3ADC00CBA9F8 /* ASINetworkQueue.h */,
				F19B39F714ED3ADC00CBA9F8 /* ASINetworkQueue.m */,
				F19B39F814ED3ADC00CBA9F8 /* ASIProgressDelegate.h */,
			);
			name = ASIHTTPRequest;
			sourceTree = "<group>";
		};
		F19B3A0614ED3BAF00CBA9F8 /* Reachability */ = {
			isa = PBXGroup;
			children = (
				F19B3A0714ED3C1F00CBA9F8 /* Reachability.h */,
				F19B3A0814ED3C1F00CBA9F8 /* Reachability.m */,
				F19B3A0914ED3C1F00CBA9F8 /* ReachabilityAppDelegate.h */,
				F19B3A0A14ED3C1F00CBA9F8 /* ReachabilityAppDelegate.m */,
			);
			name = Reachability;
			sourceTree = "<group>";
		};
		F19E58A914F1142A00CF84C5 /* SBJson */ = {
			isa = PBXGroup;
			children = (
				F19E58AB14F1144600CF84C5 /* JSON.h */,
				F19E58AC14F1144600CF84C5 /* NSObject+SBJson.h */,
				F19E58AD14F1144600CF84C5 /* NSObject+SBJson.m */,
				F19E58AE14F1144600CF84C5 /* SBJson.h */,
				F19E58AF14F1144600CF84C5 /* SBJsonParser.h */,
				F19E58B014F1144600CF84C5 /* SBJsonParser.m */,
				F19E58B114F1144600CF84C5 /* SBJsonStreamParser.h */,
				F19E58B214F1144600CF84C5 /* SBJsonStreamParser.m */,
				F19E58B314F1144600CF84C5 /* SBJsonStreamParserAccumulator.h */,
				F19E58B414F1144600CF84C5 /* SBJsonStreamParserAccumulator.m */,
				F19E58B514F1144600CF84C5 /* SBJsonStreamParserAdapter.h */,
				F19E58B614F1144600CF84C5 /* SBJsonStreamParserAdapter.m */,
				F19E58B714F1144600CF84C5 /* SBJsonStreamParserState.h */,
				F19E58B814F1144600CF84C5 /* SBJsonStreamParserState.m */,
				F19E58B914F1144600CF84C5 /* SBJsonStreamWriter.h */,
				F19E58BA14F1144600CF84C5 /* SBJsonStreamWriter.m */,
				F19E58BB14F1144600CF84C5 /* SBJsonStreamWriterAccumulator.h */,
				F19E58BC14F1144600CF84C5 /* SBJsonStreamWriterAccumulator.m */,
				F19E58BD14F1144600CF84C5 /* SBJsonStreamWriterState.h */,
				F19E58BE14F1144600CF84C5 /* SBJsonStreamWriterState.m */,
				F19E58BF14F1144600CF84C5 /* SBJsonTokeniser.h */,
				F19E58C014F1144600CF84C5 /* SBJsonTokeniser.m */,
				F19E58C114F1144600CF84C5 /* SBJsonUTF8Stream.h */,
				F19E58C214F1144600CF84C5 /* SBJsonUTF8Stream.m */,
				F19E58C314F1144600CF84C5 /* SBJsonWriter.h */,
				F19E58C414F1144600CF84C5 /* SBJsonWriter.m */,
			);
			name = SBJson;
			sourceTree = "<group>";
		};
/* End PBXGroup section */

/* Begin PBXNativeTarget section */
		F17A877814ED1A270053CC40 /* CloudSync */ = {
			isa = PBXNativeTarget;
			buildConfigurationList = F17A87B514ED1A280053CC40 /* Build configuration list for PBXNativeTarget "CloudSync" */;
			buildPhases = (
				F17A877514ED1A270053CC40 /* Sources */,
				F17A877614ED1A270053CC40 /* Frameworks */,
				F17A877714ED1A270053CC40 /* Resources */,
			);
			buildRules = (
			);
			dependencies = (
			);
			name = CloudSync;
			productName = CloudSync;
			productReference = F17A877914ED1A270053CC40 /* CloudSync.app */;
			productType = "com.apple.product-type.application";
		};
		F17A87A114ED1A270053CC40 /* CloudSyncTests */ = {
			isa = PBXNativeTarget;
			buildConfigurationList = F17A87B814ED1A280053CC40 /* Build configuration list for PBXNativeTarget "CloudSyncTests" */;
			buildPhases = (
				F17A879D14ED1A270053CC40 /* Sources */,
				F17A879E14ED1A270053CC40 /* Frameworks */,
				F17A879F14ED1A270053CC40 /* Resources */,
				F17A87A014ED1A270053CC40 /* ShellScript */,
			);
			buildRules = (
			);
			dependencies = (
				F17A87A914ED1A270053CC40 /* PBXTargetDependency */,
			);
			name = CloudSyncTests;
			productName = CloudSyncTests;
			productReference = F17A87A214ED1A270053CC40 /* CloudSyncTests.octest */;
			productType = "com.apple.product-type.bundle";
		};
/* End PBXNativeTarget section */

/* Begin PBXProject section */
		F17A877014ED1A270053CC40 /* Project object */ = {
			isa = PBXProject;
			attributes = {
				LastUpgradeCheck = 0420;
				ORGANIZATIONNAME = Home;
			};
			buildConfigurationList = F17A877314ED1A270053CC40 /* Build configuration list for PBXProject "CloudSync" */;
			compatibilityVersion = "Xcode 3.2";
			developmentRegion = English;
			hasScannedForEncodings = 0;
			knownRegions = (
				en,
			);
			mainGroup = F17A876E14ED1A270053CC40;
			productRefGroup = F17A877A14ED1A270053CC40 /* Products */;
			projectDirPath = "";
			projectRoot = "";
			targets = (
				F17A877814ED1A270053CC40 /* CloudSync */,
				F17A87A114ED1A270053CC40 /* CloudSyncTests */,
			);
		};
/* End PBXProject section */

/* Begin PBXResourcesBuildPhase section */
		F17A877714ED1A270053CC40 /* Resources */ = {
			isa = PBXResourcesBuildPhase;
			buildActionMask = 2147483647;
			files = (
				F17A878A14ED1A270053CC40 /* InfoPlist.strings in Resources */,
				F17A879314ED1A270053CC40 /* MainStoryboard.storyboard in Resources */,
			);
			runOnlyForDeploymentPostprocessing = 0;
		};
		F17A879F14ED1A270053CC40 /* Resources */ = {
			isa = PBXResourcesBuildPhase;
			buildActionMask = 2147483647;
			files = (
				F17A87AF14ED1A280053CC40 /* InfoPlist.strings in Resources */,
			);
			runOnlyForDeploymentPostprocessing = 0;
		};
/* End PBXResourcesBuildPhase section */

/* Begin PBXShellScriptBuildPhase section */
		F17A87A014ED1A270053CC40 /* ShellScript */ = {
			isa = PBXShellScriptBuildPhase;
			buildActionMask = 2147483647;
			files = (
			);
			inputPaths = (
			);
			outputPaths = (
			);
			runOnlyForDeploymentPostprocessing = 0;
			shellPath = /bin/sh;
			shellScript = "# Run the unit tests in this test bundle.\n\"${SYSTEM_DEVELOPER_DIR}/Tools/RunUnitTests\"\n";
		};
/* End PBXShellScriptBuildPhase section */

/* Begin PBXSourcesBuildPhase section */
		F17A877514ED1A270053CC40 /* Sources */ = {
			isa = PBXSourcesBuildPhase;
			buildActionMask = 2147483647;
			files = (
				F17A878C14ED1A270053CC40 /* main.m in Sources */,
				F17A879014ED1A270053CC40 /* RMAppDelegate.m in Sources */,
				F17A879614ED1A270053CC40 /* CloudSync.xcdatamodeld in Sources */,
				F17A879914ED1A270053CC40 /* RMMasterViewController.m in Sources */,
				F17A879C14ED1A270053CC40 /* RMDetailViewController.m in Sources */,
				F19B39F914ED3ADC00CBA9F8 /* ASIAuthenticationDialog.m in Sources */,
				F19B39FA14ED3ADC00CBA9F8 /* ASIDataCompressor.m in Sources */,
				F19B39FB14ED3ADC00CBA9F8 /* ASIDataDecompressor.m in Sources */,
				F19B39FC14ED3ADC00CBA9F8 /* ASIDownloadCache.m in Sources */,
				F19B39FD14ED3ADC00CBA9F8 /* ASIFormDataRequest.m in Sources */,
				F19B39FE14ED3ADC00CBA9F8 /* ASIHTTPRequest.m in Sources */,
				F19B39FF14ED3ADC00CBA9F8 /* ASIInputStream.m in Sources */,
				F19B3A0014ED3ADC00CBA9F8 /* ASINetworkQueue.m in Sources */,
				F19B3A0B14ED3C1F00CBA9F8 /* Reachability.m in Sources */,
				F19B3A0C14ED3C1F00CBA9F8 /* ReachabilityAppDelegate.m in Sources */,
				F19E58C514F1144600CF84C5 /* NSObject+SBJson.m in Sources */,
				F19E58C614F1144600CF84C5 /* SBJsonParser.m in Sources */,
				F19E58C714F1144600CF84C5 /* SBJsonStreamParser.m in Sources */,
				F19E58C814F1144600CF84C5 /* SBJsonStreamParserAccumulator.m in Sources */,
				F19E58C914F1144600CF84C5 /* SBJsonStreamParserAdapter.m in Sources */,
				F19E58CA14F1144600CF84C5 /* SBJsonStreamParserState.m in Sources */,
				F19E58CB14F1144600CF84C5 /* SBJsonStreamWriter.m in Sources */,
				F19E58CC14F1144600CF84C5 /* SBJsonStreamWriterAccumulator.m in Sources */,
				F19E58CD14F1144600CF84C5 /* SBJsonStreamWriterState.m in Sources */,
				F19E58CE14F1144600CF84C5 /* SBJsonTokeniser.m in Sources */,
				F19E58CF14F1144600CF84C5 /* SBJsonUTF8Stream.m in Sources */,
				F19E58D014F1144600CF84C5 /* SBJsonWriter.m in Sources */,
			);
			runOnlyForDeploymentPostprocessing = 0;
		};
		F17A879D14ED1A270053CC40 /* Sources */ = {
			isa = PBXSourcesBuildPhase;
			buildActionMask = 2147483647;
			files = (
				F17A87B214ED1A280053CC40 /* CloudSyncTests.m in Sources */,
			);
			runOnlyForDeploymentPostprocessing = 0;
		};
/* End PBXSourcesBuildPhase section */

/* Begin PBXTargetDependency section */
		F17A87A914ED1A270053CC40 /* PBXTargetDependency */ = {
			isa = PBXTargetDependency;
			target = F17A877814ED1A270053CC40 /* CloudSync */;
			targetProxy = F17A87A814ED1A270053CC40 /* PBXContainerItemProxy */;
		};
/* End PBXTargetDependency section */

/* Begin PBXVariantGroup section */
		F17A878814ED1A270053CC40 /* InfoPlist.strings */ = {
			isa = PBXVariantGroup;
			children = (
				F17A878914ED1A270053CC40 /* en */,
			);
			name = InfoPlist.strings;
			sourceTree = "<group>";
		};
		F17A879114ED1A270053CC40 /* MainStoryboard.storyboard */ = {
			isa = PBXVariantGroup;
			children = (
				F17A879214ED1A270053CC40 /* en */,
			);
			name = MainStoryboard.storyboard;
			sourceTree = "<group>";
		};
		F17A87AD14ED1A280053CC40 /* InfoPlist.strings */ = {
			isa = PBXVariantGroup;
			children = (
				F17A87AE14ED1A280053CC40 /* en */,
			);
			name = InfoPlist.strings;
			sourceTree = "<group>";
		};
/* End PBXVariantGroup section */

/* Begin XCBuildConfiguration section */
		F17A87B314ED1A280053CC40 /* Debug */ = {
			isa = XCBuildConfiguration;
			buildSettings = {
				ALWAYS_SEARCH_USER_PATHS = NO;
				ARCHS = "$(ARCHS_STANDARD_32_BIT)";
				CLANG_ENABLE_OBJC_ARC = YES;
				"CODE_SIGN_IDENTITY[sdk=iphoneos*]" = "iPhone Developer";
				COPY_PHASE_STRIP = NO;
				GCC_C_LANGUAGE_STANDARD = gnu99;
				GCC_DYNAMIC_NO_PIC = NO;
				GCC_OPTIMIZATION_LEVEL = 0;
				GCC_PREPROCESSOR_DEFINITIONS = (
					"DEBUG=1",
					"$(inherited)",
				);
				GCC_SYMBOLS_PRIVATE_EXTERN = NO;
				GCC_VERSION = com.apple.compilers.llvm.clang.1_0;
				GCC_WARN_ABOUT_MISSING_PROTOTYPES = YES;
				GCC_WARN_ABOUT_RETURN_TYPE = YES;
				GCC_WARN_UNUSED_VARIABLE = YES;
				IPHONEOS_DEPLOYMENT_TARGET = 5.0;
				SDKROOT = iphoneos;
				TARGETED_DEVICE_FAMILY = 2;
			};
			name = Debug;
		};
		F17A87B414ED1A280053CC40 /* Release */ = {
			isa = XCBuildConfiguration;
			buildSettings = {
				ALWAYS_SEARCH_USER_PATHS = NO;
				ARCHS = "$(ARCHS_STANDARD_32_BIT)";
				CLANG_ENABLE_OBJC_ARC = YES;
				"CODE_SIGN_IDENTITY[sdk=iphoneos*]" = "iPhone Distribution";
				COPY_PHASE_STRIP = YES;
				GCC_C_LANGUAGE_STANDARD = gnu99;
				GCC_VERSION = com.apple.compilers.llvm.clang.1_0;
				GCC_WARN_ABOUT_MISSING_PROTOTYPES = YES;
				GCC_WARN_ABOUT_RETURN_TYPE = YES;
				GCC_WARN_UNUSED_VARIABLE = YES;
				IPHONEOS_DEPLOYMENT_TARGET = 5.0;
				OTHER_CFLAGS = "-DNS_BLOCK_ASSERTIONS=1";
				"PROVISIONING_PROFILE[sdk=iphoneos*]" = "";
				SDKROOT = iphoneos;
				TARGETED_DEVICE_FAMILY = 2;
				VALIDATE_PRODUCT = YES;
			};
			name = Release;
		};
		F17A87B614ED1A280053CC40 /* Debug */ = {
			isa = XCBuildConfiguration;
			buildSettings = {
				GCC_PRECOMPILE_PREFIX_HEADER = YES;
				GCC_PREFIX_HEADER = "CloudSync/CloudSync-Prefix.pch";
				INFOPLIST_FILE = "CloudSync/CloudSync-Info.plist";
				PRODUCT_NAME = "$(TARGET_NAME)";
				WRAPPER_EXTENSION = app;
			};
			name = Debug;
		};
		F17A87B714ED1A280053CC40 /* Release */ = {
			isa = XCBuildConfiguration;
			buildSettings = {
				GCC_PRECOMPILE_PREFIX_HEADER = YES;
				GCC_PREFIX_HEADER = "CloudSync/CloudSync-Prefix.pch";
				INFOPLIST_FILE = "CloudSync/CloudSync-Info.plist";
				PRODUCT_NAME = "$(TARGET_NAME)";
				WRAPPER_EXTENSION = app;
			};
			name = Release;
		};
		F17A87B914ED1A280053CC40 /* Debug */ = {
			isa = XCBuildConfiguration;
			buildSettings = {
				BUNDLE_LOADER = "$(BUILT_PRODUCTS_DIR)/CloudSync.app/CloudSync";
				FRAMEWORK_SEARCH_PATHS = (
					"$(SDKROOT)/Developer/Library/Frameworks",
					"$(DEVELOPER_LIBRARY_DIR)/Frameworks",
				);
				GCC_PRECOMPILE_PREFIX_HEADER = YES;
				GCC_PREFIX_HEADER = "CloudSync/CloudSync-Prefix.pch";
				INFOPLIST_FILE = "CloudSyncTests/CloudSyncTests-Info.plist";
				PRODUCT_NAME = "$(TARGET_NAME)";
				TEST_HOST = "$(BUNDLE_LOADER)";
				WRAPPER_EXTENSION = octest;
			};
			name = Debug;
		};
		F17A87BA14ED1A280053CC40 /* Release */ = {
			isa = XCBuildConfiguration;
			buildSettings = {
				BUNDLE_LOADER = "$(BUILT_PRODUCTS_DIR)/CloudSync.app/CloudSync";
				FRAMEWORK_SEARCH_PATHS = (
					"$(SDKROOT)/Developer/Library/Frameworks",
					"$(DEVELOPER_LIBRARY_DIR)/Frameworks",
				);
				GCC_PRECOMPILE_PREFIX_HEADER = YES;
				GCC_PREFIX_HEADER = "CloudSync/CloudSync-Prefix.pch";
				INFOPLIST_FILE = "CloudSyncTests/CloudSyncTests-Info.plist";
				PRODUCT_NAME = "$(TARGET_NAME)";
				TEST_HOST = "$(BUNDLE_LOADER)";
				WRAPPER_EXTENSION = octest;
			};
			name = Release;
		};
/* End XCBuildConfiguration section */

/* Begin XCConfigurationList section */
		F17A877314ED1A270053CC40 /* Build configuration list for PBXProject "CloudSync" */ = {
			isa = XCConfigurationList;
			buildConfigurations = (
				F17A87B314ED1A280053CC40 /* Debug */,
				F17A87B414ED1A280053CC40 /* Release */,
			);
			defaultConfigurationIsVisible = 0;
			defaultConfigurationName = Release;
		};
		F17A87B514ED1A280053CC40 /* Build configuration list for PBXNativeTarget "CloudSync" */ = {
			isa = XCConfigurationList;
			buildConfigurations = (
				F17A87B614ED1A280053CC40 /* Debug */,
				F17A87B714ED1A280053CC40 /* Release */,
			);
			defaultConfigurationIsVisible = 0;
			defaultConfigurationName = Release;
		};
		F17A87B814ED1A280053CC40 /* Build configuration list for PBXNativeTarget "CloudSyncTests" */ = {
			isa = XCConfigurationList;
			buildConfigurations = (
				F17A87B914ED1A280053CC40 /* Debug */,
				F17A87BA14ED1A280053CC40 /* Release */,
			);
			defaultConfigurationIsVisible = 0;
			defaultConfigurationName = Release;
		};
/* End XCConfigurationList section */

/* Begin XCVersionGroup section */
		F17A879414ED1A270053CC40 /* CloudSync.xcdatamodeld */ = {
			isa = XCVersionGroup;
			children = (
				F17A879514ED1A270053CC40 /* CloudSync.xcdatamodel */,
			);
			currentVersion = F17A879514ED1A270053CC40 /* CloudSync.xcdatamodel */;
			path = CloudSync.xcdatamodeld;
			sourceTree = "<group>";
			versionGroupType = wrapper.xcdatamodel;
		};
/* End XCVersionGroup section */
	};
	rootObject = F17A877014ED1A270053CC40 /* Project object */;
}
