// !$*UTF8*$!
{
	archiveVersion = 1;
	classes = {
	};
	objectVersion = 46;
	objects = {

/* Begin PBXBuildFile section */
		F17A877E14ED1A270053CC40 /* UIKit.framework in Frameworks */ = {isa = PBXBuildFile; fileRef = F17A877D14ED1A270053CC40 /* UIKit.framework */; };
		F17A878014ED1A270053CC40 /* Foundation.framework in Frameworks */ = {isa = PBXBuildFile; fileRef = F17A877F14ED1A270053CC40 /* Foundation.framework */; };
		F17A878214ED1A270053CC40 /* CoreGraphics.framework in Frameworks */ = {isa = PBXBuildFile; fileRef = F17A878114ED1A270053CC40 /* CoreGraphics.framework */; };
		F17A878414ED1A270053CC40 /* CoreData.framework in Frameworks */ = {isa = PBXBuildFile; fileRef = F17A878314ED1A270053CC40 /* CoreData.framework */; };
		F17A878A14ED1A270053CC40 /* InfoPlist.strings in Resources */ = {isa = PBXBuildFile; fileRef = F17A878814ED1A270053CC40 /* InfoPlist.strings */; };
		F17A878C14ED1A270053CC40 /* main.m in Sources */ = {isa = PBXBuildFile; fileRef = F17A878B14ED1A270053CC40 /* main.m */; };
		F17A879014ED1A270053CC40 /* RMAppDelegate.m in Sources */ = {isa = PBXBuildFile; fileRef = F17A878F14ED1A270053CC40 /* RMAppDelegate.m */; };
		F17A879314ED1A270053CC40 /* MainStoryboard.storyboard in Resources */ = {isa = PBXBuildFile; fileRef = F17A879114ED1A270053CC40 /* MainStoryboard.storyboard */; };
		F17A879614ED1A270053CC40 /* CloudSync.xcdatamodeld in Sources */ = {isa = PBXBuildFile; fileRef = F17A879414ED1A270053CC40 /* CloudSync.xcdatamodeld */; };
		F17A879914ED1A270053CC40 /* RMMasterViewController.m in Sources */ = {isa = PBXBuildFile; fileRef = F17A879814ED1A270053CC40 /* RMMasterViewController.m */; };
		F17A879C14ED1A270053CC40 /* RMDetailViewController.m in Sources */ = {isa = PBXBuildFile; fileRef = F17A879B14ED1A270053CC40 /* RMDetailViewController.m */; };
		F17A87A414ED1A270053CC40 /* SenTestingKit.framework in Frameworks */ = {isa = PBXBuildFile; fileRef = F17A87A314ED1A270053CC40 /* SenTestingKit.framework */; };
		F17A87A514ED1A270053CC40 /* UIKit.framework in Frameworks */ = {isa = PBXBuildFile; fileRef = F17A877D14ED1A270053CC40 /* UIKit.framework */; };
		F17A87A614ED1A270053CC40 /* Foundation.framework in Frameworks */ = {isa = PBXBuildFile; fileRef = F17A877F14ED1A270053CC40 /* Foundation.framework */; };
		F17A87A714ED1A270053CC40 /* CoreData.framework in Frameworks */ = {isa = PBXBuildFile; fileRef = F17A878314ED1A270053CC40 /* CoreData.framework */; };
		F17A87AF14ED1A280053CC40 /* InfoPlist.strings in Resources */ = {isa = PBXBuildFile; fileRef = F17A87AD14ED1A280053CC40 /* InfoPlist.strings */; };
		F17A87B214ED1A280053CC40 /* CloudSyncTests.m in Sources */ = {isa = PBXBuildFile; fileRef = F17A87B114ED1A280053CC40 /* CloudSyncTests.m */; };
/* End PBXBuildFile section */

/* Begin PBXContainerItemProxy section */
		F17A87A814ED1A270053CC40 /* PBXContainerItemProxy */ = {
			isa = PBXContainerItemProxy;
			containerPortal = F17A877014ED1A270053CC40 /* Project object */;
			proxyType = 1;
			remoteGlobalIDString = F17A877814ED1A270053CC40;
			remoteInfo = CloudSync;
		};
/* End PBXContainerItemProxy section */

/* Begin PBXFileReference section */
		F17A877914ED1A270053CC40 /* CloudSync.app */ = {isa = PBXFileReference; explicitFileType = wrapper.application; includeInIndex = 0; path = CloudSync.app; sourceTree = BUILT_PRODUCTS_DIR; };
		F17A877D14ED1A270053CC40 /* UIKit.framework */ = {isa = PBXFileReference; lastKnownFileType = wrapper.framework; name = UIKit.framework; path = System/Library/Frameworks/UIKit.framework; sourceTree = SDKROOT; };
		F17A877F14ED1A270053CC40 /* Foundation.framework */ = {isa = PBXFileReference; lastKnownFileType = wrapper.framework; name = Foundation.framework; path = System/Library/Frameworks/Foundation.framework; sourceTree = SDKROOT; };
		F17A878114ED1A270053CC40 /* CoreGraphics.framework */ = {isa = PBXFileReference; lastKnownFileType = wrapper.framework; name = CoreGraphics.framework; path = System/Library/Frameworks/CoreGraphics.framework; sourceTree = SDKROOT; };
		F17A878314ED1A270053CC40 /* CoreData.framework */ = {isa = PBXFileReference; lastKnownFileType = wrapper.framework; name = CoreData.framework; path = System/Library/Frameworks/CoreData.framework; sourceTree = SDKROOT; };
		F17A878714ED1A270053CC40 /* CloudSync-Info.plist */ = {isa = PBXFileReference; lastKnownFileType = text.plist.xml; path = "CloudSync-Info.plist"; sourceTree = "<group>"; };
		F17A878914ED1A270053CC40 /* en */ = {isa = PBXFileReference; lastKnownFileType = text.plist.strings; name = en; path = en.lproj/InfoPlist.strings; sourceTree = "<group>"; };
		F17A878B14ED1A270053CC40 /* main.m */ = {isa = PBXFileReference; lastKnownFileType = sourcecode.c.objc; path = main.m; sourceTree = "<group>"; };
		F17A878D14ED1A270053CC40 /* CloudSync-Prefix.pch */ = {isa = PBXFileReference; lastKnownFileType = sourcecode.c.h; path = "CloudSync-Prefix.pch"; sourceTree = "<group>"; };
		F17A878E14ED1A270053CC40 /* RMAppDelegate.h */ = {isa = PBXFileReference; lastKnownFileType = sourcecode.c.h; path = RMAppDelegate.h; sourceTree = "<group>"; };
		F17A878F14ED1A270053CC40 /* RMAppDelegate.m */ = {isa = PBXFileReference; lastKnownFileType = sourcecode.c.objc; path = RMAppDelegate.m; sourceTree = "<group>"; };
		F17A879214ED1A270053CC40 /* en */ = {isa = PBXFileReference; lastKnownFileType = file.storyboard; name = en; path = en.lproj/MainStoryboard.storyboard; sourceTree = "<group>"; };
		F17A879514ED1A270053CC40 /* CloudSync.xcdatamodel */ = {isa = PBXFileReference; lastKnownFileType = wrapper.xcdatamodel; path = CloudSync.xcdatamodel; sourceTree = "<group>"; };
		F17A879714ED1A270053CC40 /* RMMasterViewController.h */ = {isa = PBXFileReference; lastKnownFileType = sourcecode.c.h; path = RMMasterViewController.h; sourceTree = "<group>"; };
		F17A879814ED1A270053CC40 /* RMMasterViewController.m */ = {isa = PBXFileReference; lastKnownFileType = sourcecode.c.objc; path = RMMasterViewController.m; sourceTree = "<group>"; };
		F17A879A14ED1A270053CC40 /* RMDetailViewController.h */ = {isa = PBXFileReference; lastKnownFileType = sourcecode.c.h; path = RMDetailViewController.h; sourceTree = "<group>"; };
		F17A879B14ED1A270053CC40 /* RMDetailViewController.m */ = {isa = PBXFileReference; lastKnownFileType = sourcecode.c.objc; path = RMDetailViewController.m; sourceTree = "<group>"; };
		F17A87A214ED1A270053CC40 /* CloudSyncTests.octest */ = {isa = PBXFileReference; explicitFileType = wrapper.cfbundle; includeInIndex = 0; path = CloudSyncTests.octest; sourceTree = BUILT_PRODUCTS_DIR; };
		F17A87A314ED1A270053CC40 /* SenTestingKit.framework */ = {isa = PBXFileReference; lastKnownFileType = wrapper.framework; name = SenTestingKit.framework; path = Library/Frameworks/SenTestingKit.framework; sourceTree = DEVELOPER_DIR; };
		F17A87AC14ED1A270053CC40 /* CloudSyncTests-Info.plist */ = {isa = PBXFileReference; lastKnownFileType = text.plist.xml; path = "CloudSyncTests-Info.plist"; sourceTree = "<group>"; };
		F17A87AE14ED1A280053CC40 /* en */ = {isa = PBXFileReference; lastKnownFileType = text.plist.strings; name = en; path = en.lproj/InfoPlist.strings; sourceTree = "<group>"; };
		F17A87B014ED1A280053CC40 /* CloudSyncTests.h */ = {isa = PBXFileReference; lastKnownFileType = sourcecode.c.h; path = CloudSyncTests.h; sourceTree = "<group>"; };
		F17A87B114ED1A280053CC40 /* CloudSyncTests.m */ = {isa = PBXFileReference; lastKnownFileType = sourcecode.c.objc; path = CloudSyncTests.m; sourceTree = "<group>"; };
/* End PBXFileReference section */

/* Begin PBXFrameworksBuildPhase section */
		F17A877614ED1A270053CC40 /* Frameworks */ = {
			isa = PBXFrameworksBuildPhase;
			buildActionMask = 2147483647;
			files = (
				F17A877E14ED1A270053CC40 /* UIKit.framework in Frameworks */,
				F17A878014ED1A270053CC40 /* Foundation.framework in Frameworks */,
				F17A878214ED1A270053CC40 /* CoreGraphics.framework in Frameworks */,
				F17A878414ED1A270053CC40 /* CoreData.framework in Frameworks */,
			);
			runOnlyForDeploymentPostprocessing = 0;
		};
		F17A879E14ED1A270053CC40 /* Frameworks */ = {
			isa = PBXFrameworksBuildPhase;
			buildActionMask = 2147483647;
			files = (
				F17A87A414ED1A270053CC40 /* SenTestingKit.framework in Frameworks */,
				F17A87A514ED1A270053CC40 /* UIKit.framework in Frameworks */,
				F17A87A614ED1A270053CC40 /* Foundation.framework in Frameworks */,
				F17A87A714ED1A270053CC40 /* CoreData.framework in Frameworks */,
			);
			runOnlyForDeploymentPostprocessing = 0;
		};
/* End PBXFrameworksBuildPhase section */

/* Begin PBXGroup section */
		F17A876E14ED1A270053CC40 = {
			isa = PBXGroup;
			children = (
				F17A878514ED1A270053CC40 /* CloudSync */,
				F17A87AA14ED1A270053CC40 /* CloudSyncTests */,
				F17A877C14ED1A270053CC40 /* Frameworks */,
				F17A877A14ED1A270053CC40 /* Products */,
			);
			sourceTree = "<group>";
		};
		F17A877A14ED1A270053CC40 /* Products */ = {
			isa = PBXGroup;
			children = (
				F17A877914ED1A270053CC40 /* CloudSync.app */,
				F17A87A214ED1A270053CC40 /* CloudSyncTests.octest */,
			);
			name = Products;
			sourceTree = "<group>";
		};
		F17A877C14ED1A270053CC40 /* Frameworks */ = {
			isa = PBXGroup;
			children = (
				F17A877D14ED1A270053CC40 /* UIKit.framework */,
				F17A877F14ED1A270053CC40 /* Foundation.framework */,
				F17A878114ED1A270053CC40 /* CoreGraphics.framework */,
				F17A878314ED1A270053CC40 /* CoreData.framework */,
				F17A87A314ED1A270053CC40 /* SenTestingKit.framework */,
			);
			name = Frameworks;
			sourceTree = "<group>";
		};
		F17A878514ED1A270053CC40 /* CloudSync */ = {
			isa = PBXGroup;
			children = (
				F17A878E14ED1A270053CC40 /* RMAppDelegate.h */,
				F17A878F14ED1A270053CC40 /* RMAppDelegate.m */,
				F17A879114ED1A270053CC40 /* MainStoryboard.storyboard */,
				F17A879714ED1A270053CC40 /* RMMasterViewController.h */,
				F17A879814ED1A270053CC40 /* RMMasterViewController.m */,
				F17A879A14ED1A270053CC40 /* RMDetailViewController.h */,
				F17A879B14ED1A270053CC40 /* RMDetailViewController.m */,
				F17A879414ED1A270053CC40 /* CloudSync.xcdatamodeld */,
				F17A878614ED1A270053CC40 /* Supporting Files */,
			);
			path = CloudSync;
			sourceTree = "<group>";
		};
		F17A878614ED1A270053CC40 /* Supporting Files */ = {
			isa = PBXGroup;
			children = (
				F17A878714ED1A270053CC40 /* CloudSync-Info.plist */,
				F17A878814ED1A270053CC40 /* InfoPlist.strings */,
				F17A878B14ED1A270053CC40 /* main.m */,
				F17A878D14ED1A270053CC40 /* CloudSync-Prefix.pch */,
			);
			name = "Supporting Files";
			sourceTree = "<group>";
		};
		F17A87AA14ED1A270053CC40 /* CloudSyncTests */ = {
			isa = PBXGroup;
			children = (
				F17A87B014ED1A280053CC40 /* CloudSyncTests.h */,
				F17A87B114ED1A280053CC40 /* CloudSyncTests.m */,
				F17A87AB14ED1A270053CC40 /* Supporting Files */,
			);
			path = CloudSyncTests;
			sourceTree = "<group>";
		};
		F17A87AB14ED1A270053CC40 /* Supporting Files */ = {
			isa = PBXGroup;
			children = (
				F17A87AC14ED1A270053CC40 /* CloudSyncTests-Info.plist */,
				F17A87AD14ED1A280053CC40 /* InfoPlist.strings */,
			);
			name = "Supporting Files";
			sourceTree = "<group>";
		};
/* End PBXGroup section */

/* Begin PBXNativeTarget section */
		F17A877814ED1A270053CC40 /* CloudSync */ = {
			isa = PBXNativeTarget;
			buildConfigurationList = F17A87B514ED1A280053CC40 /* Build configuration list for PBXNativeTarget "CloudSync" */;
			buildPhases = (
				F17A877514ED1A270053CC40 /* Sources */,
				F17A877614ED1A270053CC40 /* Frameworks */,
				F17A877714ED1A270053CC40 /* Resources */,
			);
			buildRules = (
			);
			dependencies = (
			);
			name = CloudSync;
			productName = CloudSync;
			productReference = F17A877914ED1A270053CC40 /* CloudSync.app */;
			productType = "com.apple.product-type.application";
		};
		F17A87A114ED1A270053CC40 /* CloudSyncTests */ = {
			isa = PBXNativeTarget;
			buildConfigurationList = F17A87B814ED1A280053CC40 /* Build configuration list for PBXNativeTarget "CloudSyncTests" */;
			buildPhases = (
				F17A879D14ED1A270053CC40 /* Sources */,
				F17A879E14ED1A270053CC40 /* Frameworks */,
				F17A879F14ED1A270053CC40 /* Resources */,
				F17A87A014ED1A270053CC40 /* ShellScript */,
			);
			buildRules = (
			);
			dependencies = (
				F17A87A914ED1A270053CC40 /* PBXTargetDependency */,
			);
			name = CloudSyncTests;
			productName = CloudSyncTests;
			productReference = F17A87A214ED1A270053CC40 /* CloudSyncTests.octest */;
			productType = "com.apple.product-type.bundle";
		};
/* End PBXNativeTarget section */

/* Begin PBXProject section */
		F17A877014ED1A270053CC40 /* Project object */ = {
			isa = PBXProject;
			attributes = {
				LastUpgradeCheck = 0420;
				ORGANIZATIONNAME = Home;
			};
			buildConfigurationList = F17A877314ED1A270053CC40 /* Build configuration list for PBXProject "CloudSync" */;
			compatibilityVersion = "Xcode 3.2";
			developmentRegion = English;
			hasScannedForEncodings = 0;
			knownRegions = (
				en,
			);
			mainGroup = F17A876E14ED1A270053CC40;
			productRefGroup = F17A877A14ED1A270053CC40 /* Products */;
			projectDirPath = "";
			projectRoot = "";
			targets = (
				F17A877814ED1A270053CC40 /* CloudSync */,
				F17A87A114ED1A270053CC40 /* CloudSyncTests */,
			);
		};
/* End PBXProject section */

/* Begin PBXResourcesBuildPhase section */
		F17A877714ED1A270053CC40 /* Resources */ = {
			isa = PBXResourcesBuildPhase;
			buildActionMask = 2147483647;
			files = (
				F17A878A14ED1A270053CC40 /* InfoPlist.strings in Resources */,
				F17A879314ED1A270053CC40 /* MainStoryboard.storyboard in Resources */,
			);
			runOnlyForDeploymentPostprocessing = 0;
		};
		F17A879F14ED1A270053CC40 /* Resources */ = {
			isa = PBXResourcesBuildPhase;
			buildActionMask = 2147483647;
			files = (
				F17A87AF14ED1A280053CC40 /* InfoPlist.strings in Resources */,
			);
			runOnlyForDeploymentPostprocessing = 0;
		};
/* End PBXResourcesBuildPhase section */

/* Begin PBXShellScriptBuildPhase section */
		F17A87A014ED1A270053CC40 /* ShellScript */ = {
			isa = PBXShellScriptBuildPhase;
			buildActionMask = 2147483647;
			files = (
			);
			inputPaths = (
			);
			outputPaths = (
			);
			runOnlyForDeploymentPostprocessing = 0;
			shellPath = /bin/sh;
			shellScript = "# Run the unit tests in this test bundle.\n\"${SYSTEM_DEVELOPER_DIR}/Tools/RunUnitTests\"\n";
		};
/* End PBXShellScriptBuildPhase section */

/* Begin PBXSourcesBuildPhase section */
		F17A877514ED1A270053CC40 /* Sources */ = {
			isa = PBXSourcesBuildPhase;
			buildActionMask = 2147483647;
			files = (
				F17A878C14ED1A270053CC40 /* main.m in Sources */,
				F17A879014ED1A270053CC40 /* RMAppDelegate.m in Sources */,
				F17A879614ED1A270053CC40 /* CloudSync.xcdatamodeld in Sources */,
				F17A879914ED1A270053CC40 /* RMMasterViewController.m in Sources */,
				F17A879C14ED1A270053CC40 /* RMDetailViewController.m in Sources */,
			);
			runOnlyForDeploymentPostprocessing = 0;
		};
		F17A879D14ED1A270053CC40 /* Sources */ = {
			isa = PBXSourcesBuildPhase;
			buildActionMask = 2147483647;
			files = (
				F17A87B214ED1A280053CC40 /* CloudSyncTests.m in Sources */,
			);
			runOnlyForDeploymentPostprocessing = 0;
		};
/* End PBXSourcesBuildPhase section */

/* Begin PBXTargetDependency section */
		F17A87A914ED1A270053CC40 /* PBXTargetDependency */ = {
			isa = PBXTargetDependency;
			target = F17A877814ED1A270053CC40 /* CloudSync */;
			targetProxy = F17A87A814ED1A270053CC40 /* PBXContainerItemProxy */;
		};
/* End PBXTargetDependency section */

/* Begin PBXVariantGroup section */
		F17A878814ED1A270053CC40 /* InfoPlist.strings */ = {
			isa = PBXVariantGroup;
			children = (
				F17A878914ED1A270053CC40 /* en */,
			);
			name = InfoPlist.strings;
			sourceTree = "<group>";
		};
		F17A879114ED1A270053CC40 /* MainStoryboard.storyboard */ = {
			isa = PBXVariantGroup;
			children = (
				F17A879214ED1A270053CC40 /* en */,
			);
			name = MainStoryboard.storyboard;
			sourceTree = "<group>";
		};
		F17A87AD14ED1A280053CC40 /* InfoPlist.strings */ = {
			isa = PBXVariantGroup;
			children = (
				F17A87AE14ED1A280053CC40 /* en */,
			);
			name = InfoPlist.strings;
			sourceTree = "<group>";
		};
/* End PBXVariantGroup section */

/* Begin XCBuildConfiguration section */
		F17A87B314ED1A280053CC40 /* Debug */ = {
			isa = XCBuildConfiguration;
			buildSettings = {
				ALWAYS_SEARCH_USER_PATHS = NO;
				ARCHS = "$(ARCHS_STANDARD_32_BIT)";
				CLANG_ENABLE_OBJC_ARC = YES;
				"CODE_SIGN_IDENTITY[sdk=iphoneos*]" = "iPhone Developer";
				COPY_PHASE_STRIP = NO;
				GCC_C_LANGUAGE_STANDARD = gnu99;
				GCC_DYNAMIC_NO_PIC = NO;
				GCC_OPTIMIZATION_LEVEL = 0;
				GCC_PREPROCESSOR_DEFINITIONS = (
					"DEBUG=1",
					"$(inherited)",
				);
				GCC_SYMBOLS_PRIVATE_EXTERN = NO;
				GCC_VERSION = com.apple.compilers.llvm.clang.1_0;
				GCC_WARN_ABOUT_MISSING_PROTOTYPES = YES;
				GCC_WARN_ABOUT_RETURN_TYPE = YES;
				GCC_WARN_UNUSED_VARIABLE = YES;
				IPHONEOS_DEPLOYMENT_TARGET = 5.0;
				SDKROOT = iphoneos;
				TARGETED_DEVICE_FAMILY = 2;
			};
			name = Debug;
		};
		F17A87B414ED1A280053CC40 /* Release */ = {
			isa = XCBuildConfiguration;
			buildSettings = {
				ALWAYS_SEARCH_USER_PATHS = NO;
				ARCHS = "$(ARCHS_STANDARD_32_BIT)";
				CLANG_ENABLE_OBJC_ARC = YES;
				"CODE_SIGN_IDENTITY[sdk=iphoneos*]" = "iPhone Developer";
				COPY_PHASE_STRIP = YES;
				GCC_C_LANGUAGE_STANDARD = gnu99;
				GCC_VERSION = com.apple.compilers.llvm.clang.1_0;
				GCC_WARN_ABOUT_MISSING_PROTOTYPES = YES;
				GCC_WARN_ABOUT_RETURN_TYPE = YES;
				GCC_WARN_UNUSED_VARIABLE = YES;
				IPHONEOS_DEPLOYMENT_TARGET = 5.0;
				OTHER_CFLAGS = "-DNS_BLOCK_ASSERTIONS=1";
				SDKROOT = iphoneos;
				TARGETED_DEVICE_FAMILY = 2;
				VALIDATE_PRODUCT = YES;
			};
			name = Release;
		};
		F17A87B614ED1A280053CC40 /* Debug */ = {
			isa = XCBuildConfiguration;
			buildSettings = {
				GCC_PRECOMPILE_PREFIX_HEADER = YES;
				GCC_PREFIX_HEADER = "CloudSync/CloudSync-Prefix.pch";
				INFOPLIST_FILE = "CloudSync/CloudSync-Info.plist";
				PRODUCT_NAME = "$(TARGET_NAME)";
				WRAPPER_EXTENSION = app;
			};
			name = Debug;
		};
		F17A87B714ED1A280053CC40 /* Release */ = {
			isa = XCBuildConfiguration;
			buildSettings = {
				GCC_PRECOMPILE_PREFIX_HEADER = YES;
				GCC_PREFIX_HEADER = "CloudSync/CloudSync-Prefix.pch";
				INFOPLIST_FILE = "CloudSync/CloudSync-Info.plist";
				PRODUCT_NAME = "$(TARGET_NAME)";
				WRAPPER_EXTENSION = app;
			};
			name = Release;
		};
		F17A87B914ED1A280053CC40 /* Debug */ = {
			isa = XCBuildConfiguration;
			buildSettings = {
				BUNDLE_LOADER = "$(BUILT_PRODUCTS_DIR)/CloudSync.app/CloudSync";
				FRAMEWORK_SEARCH_PATHS = (
					"$(SDKROOT)/Developer/Library/Frameworks",
					"$(DEVELOPER_LIBRARY_DIR)/Frameworks",
				);
				GCC_PRECOMPILE_PREFIX_HEADER = YES;
				GCC_PREFIX_HEADER = "CloudSync/CloudSync-Prefix.pch";
				INFOPLIST_FILE = "CloudSyncTests/CloudSyncTests-Info.plist";
				PRODUCT_NAME = "$(TARGET_NAME)";
				TEST_HOST = "$(BUNDLE_LOADER)";
				WRAPPER_EXTENSION = octest;
			};
			name = Debug;
		};
		F17A87BA14ED1A280053CC40 /* Release */ = {
			isa = XCBuildConfiguration;
			buildSettings = {
				BUNDLE_LOADER = "$(BUILT_PRODUCTS_DIR)/CloudSync.app/CloudSync";
				FRAMEWORK_SEARCH_PATHS = (
					"$(SDKROOT)/Developer/Library/Frameworks",
					"$(DEVELOPER_LIBRARY_DIR)/Frameworks",
				);
				GCC_PRECOMPILE_PREFIX_HEADER = YES;
				GCC_PREFIX_HEADER = "CloudSync/CloudSync-Prefix.pch";
				INFOPLIST_FILE = "CloudSyncTests/CloudSyncTests-Info.plist";
				PRODUCT_NAME = "$(TARGET_NAME)";
				TEST_HOST = "$(BUNDLE_LOADER)";
				WRAPPER_EXTENSION = octest;
			};
			name = Release;
		};
/* End XCBuildConfiguration section */

/* Begin XCConfigurationList section */
		F17A877314ED1A270053CC40 /* Build configuration list for PBXProject "CloudSync" */ = {
			isa = XCConfigurationList;
			buildConfigurations = (
				F17A87B314ED1A280053CC40 /* Debug */,
				F17A87B414ED1A280053CC40 /* Release */,
			);
			defaultConfigurationIsVisible = 0;
			defaultConfigurationName = Release;
		};
		F17A87B514ED1A280053CC40 /* Build configuration list for PBXNativeTarget "CloudSync" */ = {
			isa = XCConfigurationList;
			buildConfigurations = (
				F17A87B614ED1A280053CC40 /* Debug */,
				F17A87B714ED1A280053CC40 /* Release */,
			);
			defaultConfigurationIsVisible = 0;
		};
		F17A87B814ED1A280053CC40 /* Build configuration list for PBXNativeTarget "CloudSyncTests" */ = {
			isa = XCConfigurationList;
			buildConfigurations = (
				F17A87B914ED1A280053CC40 /* Debug */,
				F17A87BA14ED1A280053CC40 /* Release */,
			);
			defaultConfigurationIsVisible = 0;
		};
/* End XCConfigurationList section */

/* Begin XCVersionGroup section */
		F17A879414ED1A270053CC40 /* CloudSync.xcdatamodeld */ = {
			isa = XCVersionGroup;
			children = (
				F17A879514ED1A270053CC40 /* CloudSync.xcdatamodel */,
			);
			currentVersion = F17A879514ED1A270053CC40 /* CloudSync.xcdatamodel */;
			path = CloudSync.xcdatamodeld;
			sourceTree = "<group>";
			versionGroupType = wrapper.xcdatamodel;
		};
/* End XCVersionGroup section */
	};
	rootObject = F17A877014ED1A270053CC40 /* Project object */;
}
